# THIS IS AN AUTOGENERATED FILE. DO NOT EDIT THIS FILE DIRECTLY.
# yarn lockfile v1


colors@>=0.6.0:
  version "1.4.0"
  resolved "https://registry.nlark.com/colors/download/colors-1.4.0.tgz#c50491479d4c1bdaed2c9ced32cf7c7dc2360f78"
  integrity sha1-xQSRR51MG9rtLJztMs98fcI2D3g=

faye-websocket@^0.11.3:
  version "0.11.4"
  resolved "https://registry.nlark.com/faye-websocket/download/faye-websocket-0.11.4.tgz#7f0d9275cfdd86a1c963dc8b65fcc451edcbb1da"
  integrity sha1-fw2Sdc/dhqHJY9yLZfzEUe3Lsdo=
  dependencies:
    websocket-driver ">=0.5.1"

http-parser-js@>=0.5.1:
  version "0.5.3"
  resolved "https://registry.npm.taobao.org/http-parser-js/download/http-parser-js-0.5.3.tgz#01d2709c79d41698bb01d4decc5e9da4e4a033d9"
  integrity sha1-AdJwnHnUFpi7AdTezF6dpOSgM9k=

mime@^1.2.9:
  version "1.6.0"
  resolved "https://registry.npm.taobao.org/mime/download/mime-1.6.0.tgz?cache=0&sync_timestamp=1615984369368&other_urls=https%3A%2F%2Fregistry.npm.taobao.org%2Fmime%2Fdownload%2Fmime-1.6.0.tgz#32cd9e5c64553bd58d19a568af452acff04981b1"
  integrity sha1-Ms2eXGRVO9WNGaVor0Uqz/BJgbE=

minimist@~0.0.1:
  version "0.0.10"
  resolved "https://registry.nlark.com/minimist/download/minimist-0.0.10.tgz#de3f98543dbf96082be48ad1a0c7cda836301dcf"
  integrity sha1-3j+YVD2/lggr5IrRoMfNqDYwHc8=

node-static@^0.7.11:
  version "0.7.11"
  resolved "https://registry.npm.taobao.org/node-static/download/node-static-0.7.11.tgz#60120d349f3cef533e4e820670057eb631882e7f"
  integrity sha1-YBINNJ8871M+ToIGcAV+tjGILn8=
  dependencies:
    colors ">=0.6.0"
    mime "^1.2.9"
    optimist ">=0.3.4"

optimist@>=0.3.4:
  version "0.6.1"
  resolved "https://registry.nlark.com/optimist/download/optimist-0.6.1.tgz#da3ea74686fa21a19a111c326e90eb15a0196686"
  integrity sha1-2j6nRob6IaGaERwybpDrFaAZZoY=
  dependencies:
    minimist "~0.0.1"
    wordwrap "~0.0.2"

safe-buffer@>=5.1.0:
  version "5.2.1"
  resolved "https://registry.nlark.com/safe-buffer/download/safe-buffer-5.2.1.tgz#1eaf9fa9bdb1fdd4ec75f58f9cdb4e6b7827eec6"
  integrity sha1-Hq+fqb2x/dTsdfWPnNtOa3gn7sY=

sockjs@^0.3.21:
  version "0.3.21"
  resolved "https://registry.nlark.com/sockjs/download/sockjs-0.3.21.tgz#b34ffb98e796930b60a0cfa11904d6a339a7d417"
  integrity sha1-s0/7mOeWkwtgoM+hGQTWozmn1Bc=
  dependencies:
    faye-websocket "^0.11.3"
    uuid "^3.4.0"
    websocket-driver "^0.7.4"

uuid@^3.4.0:
  version "3.4.0"
  resolved "https://registry.nlark.com/uuid/download/uuid-3.4.0.tgz?cache=0&sync_timestamp=1622213136953&other_urls=https%3A%2F%2Fregistry.nlark.com%2Fuuid%2Fdownload%2Fuuid-3.4.0.tgz#b23e4358afa8a202fe7a100af1f5f883f02007ee"
  integrity sha1-sj5DWK+oogL+ehAK8fX4g/AgB+4=

websocket-driver@>=0.5.1, websocket-driver@^0.7.4:
  version "0.7.4"
  resolved "https://registry.nlark.com/websocket-driver/download/websocket-driver-0.7.4.tgz#89ad5295bbf64b480abcba31e4953aca706f5760"
  integrity sha1-ia1Slbv2S0gKvLox5JU6ynBvV2A=
  dependencies:
    http-parser-js ">=0.5.1"
    safe-buffer ">=5.1.0"
    websocket-extensions ">=0.1.1"

websocket-extensions@>=0.1.1:
  version "0.1.4"
  resolved "https://registry.npm.taobao.org/websocket-extensions/download/websocket-extensions-0.1.4.tgz#7f8473bc839dfd87608adb95d7eb075211578a42"
  integrity sha1-f4RzvIOd/YdgituV1+sHUhFXikI=

wordwrap@~0.0.2:
  version "0.0.3"
  resolved "https://registry.nlark.com/wordwrap/download/wordwrap-0.0.3.tgz#a3d5da6cd5c0bc0008d37234bbaf1bed63059107"
  integrity sha1-o9XabNXAvAAI03I0u68b7WMFkQc=
